
Microsoft Visual Studio Solution File, Format Version 12.00
# Visual Studio 15
VisualStudioVersion = 15.0.26430.16
MinimumVisualStudioVersion = 10.0.40219.1
Project("{2150E333-8FDC-42A3-9474-1A3956D46DE8}") = "src", "src", "{2A4336AA-6F7D-414B-AB2B-81A8F2E82A48}"
EndProject
Project("{2150E333-8FDC-42A3-9474-1A3956D46DE8}") = "Solution Items", "Solution Items", "{B74DB39B-4FB3-4DB1-A9BF-526413E8040B}"
	ProjectSection(SolutionItems) = preProject
		appveyor.yml = appveyor.yml
		CHANGELOG.md = CHANGELOG.md
		LICENSE.md = LICENSE.md
		README.md = README.md
		version.props = version.props
	EndProjectSection
EndProject
Project("{9A19103F-16F7-4668-BE54-9A1E7A4F7556}") = "Medidata.MAuth.Core", "src\Medidata.MAuth.Core\Medidata.MAuth.Core.csproj", "{C9A9FECB-DB5B-40C3-B7CC-F0251853DDE6}"
EndProject
Project("{2150E333-8FDC-42A3-9474-1A3956D46DE8}") = "tests", "tests", "{9ED6F311-EB68-440E-A178-5C5F140F2340}"
EndProject
Project("{9A19103F-16F7-4668-BE54-9A1E7A4F7556}") = "Medidata.MAuth.Tests", "tests\Medidata.MAuth.Tests\Medidata.MAuth.Tests.csproj", "{A1940D71-52B3-42EC-B2DF-70782AFFF23C}"
EndProject
Project("{9A19103F-16F7-4668-BE54-9A1E7A4F7556}") = "Medidata.MAuth.Owin", "src\Medidata.MAuth.Owin\Medidata.MAuth.Owin.csproj", "{74308221-D7A5-4C15-86D2-62871655C24B}"
EndProject
Project("{9A19103F-16F7-4668-BE54-9A1E7A4F7556}") = "Medidata.MAuth.WebApi", "src\Medidata.MAuth.WebApi\Medidata.MAuth.WebApi.csproj", "{E557F648-6FE1-432E-A8D7-BD00C18E5176}"
EndProject
Project("{2150E333-8FDC-42A3-9474-1A3956D46DE8}") = "build", "build", "{F8B8C2CD-CBAE-42A5-A5FF-2A26E5275941}"
	ProjectSection(SolutionItems) = preProject
		build\build.ps1 = build\build.ps1
		build\common.props = build\common.props
	EndProjectSection
EndProject
Project("{9A19103F-16F7-4668-BE54-9A1E7A4F7556}") = "Medidata.MAuth.AspNetCore", "src\Medidata.MAuth.AspNetCore\Medidata.MAuth.AspNetCore.csproj", "{1BC50789-3BAE-4D87-B89C-C2658BFF6522}"
EndProject
Project("{FAE04EC0-301F-11D3-BF4B-00C04F79EFBC}") = "Medidata.MAuth.HttpModule", "src\Medidata.MAuth.HttpModule\Medidata.MAuth.HttpModule.csproj", "{8E83146E-596A-4E9E-8D77-B48C72F7AA32}"
EndProject
Global
	GlobalSection(SolutionConfigurationPlatforms) = preSolution
		Debug|Any CPU = Debug|Any CPU
		Release|Any CPU = Release|Any CPU
	EndGlobalSection
	GlobalSection(ProjectConfigurationPlatforms) = postSolution
		{C9A9FECB-DB5B-40C3-B7CC-F0251853DDE6}.Debug|Any CPU.ActiveCfg = Debug|Any CPU
		{C9A9FECB-DB5B-40C3-B7CC-F0251853DDE6}.Debug|Any CPU.Build.0 = Debug|Any CPU
		{C9A9FECB-DB5B-40C3-B7CC-F0251853DDE6}.Release|Any CPU.ActiveCfg = Release|Any CPU
		{C9A9FECB-DB5B-40C3-B7CC-F0251853DDE6}.Release|Any CPU.Build.0 = Release|Any CPU
		{A1940D71-52B3-42EC-B2DF-70782AFFF23C}.Debug|Any CPU.ActiveCfg = Debug|Any CPU
		{A1940D71-52B3-42EC-B2DF-70782AFFF23C}.Debug|Any CPU.Build.0 = Debug|Any CPU
		{A1940D71-52B3-42EC-B2DF-70782AFFF23C}.Release|Any CPU.ActiveCfg = Release|Any CPU
		{A1940D71-52B3-42EC-B2DF-70782AFFF23C}.Release|Any CPU.Build.0 = Release|Any CPU
		{74308221-D7A5-4C15-86D2-62871655C24B}.Debug|Any CPU.ActiveCfg = Debug|Any CPU
		{74308221-D7A5-4C15-86D2-62871655C24B}.Debug|Any CPU.Build.0 = Debug|Any CPU
		{74308221-D7A5-4C15-86D2-62871655C24B}.Release|Any CPU.ActiveCfg = Release|Any CPU
		{74308221-D7A5-4C15-86D2-62871655C24B}.Release|Any CPU.Build.0 = Release|Any CPU
		{E557F648-6FE1-432E-A8D7-BD00C18E5176}.Debug|Any CPU.ActiveCfg = Debug|Any CPU
		{E557F648-6FE1-432E-A8D7-BD00C18E5176}.Debug|Any CPU.Build.0 = Debug|Any CPU
		{E557F648-6FE1-432E-A8D7-BD00C18E5176}.Release|Any CPU.ActiveCfg = Release|Any CPU
		{E557F648-6FE1-432E-A8D7-BD00C18E5176}.Release|Any CPU.Build.0 = Release|Any CPU
		{1BC50789-3BAE-4D87-B89C-C2658BFF6522}.Debug|Any CPU.ActiveCfg = Debug|Any CPU
		{1BC50789-3BAE-4D87-B89C-C2658BFF6522}.Debug|Any CPU.Build.0 = Debug|Any CPU
		{1BC50789-3BAE-4D87-B89C-C2658BFF6522}.Release|Any CPU.ActiveCfg = Release|Any CPU
		{1BC50789-3BAE-4D87-B89C-C2658BFF6522}.Release|Any CPU.Build.0 = Release|Any CPU
		{8E83146E-596A-4E9E-8D77-B48C72F7AA32}.Debug|Any CPU.ActiveCfg = Debug|Any CPU
		{8E83146E-596A-4E9E-8D77-B48C72F7AA32}.Debug|Any CPU.Build.0 = Debug|Any CPU
		{8E83146E-596A-4E9E-8D77-B48C72F7AA32}.Release|Any CPU.ActiveCfg = Release|Any CPU
		{8E83146E-596A-4E9E-8D77-B48C72F7AA32}.Release|Any CPU.Build.0 = Release|Any CPU
	EndGlobalSection
	GlobalSection(SolutionProperties) = preSolution
		HideSolutionNode = FALSE
	EndGlobalSection
	GlobalSection(NestedProjects) = preSolution
		{C9A9FECB-DB5B-40C3-B7CC-F0251853DDE6} = {2A4336AA-6F7D-414B-AB2B-81A8F2E82A48}
		{A1940D71-52B3-42EC-B2DF-70782AFFF23C} = {9ED6F311-EB68-440E-A178-5C5F140F2340}
		{74308221-D7A5-4C15-86D2-62871655C24B} = {2A4336AA-6F7D-414B-AB2B-81A8F2E82A48}
		{E557F648-6FE1-432E-A8D7-BD00C18E5176} = {2A4336AA-6F7D-414B-AB2B-81A8F2E82A48}
		{1BC50789-3BAE-4D87-B89C-C2658BFF6522} = {2A4336AA-6F7D-414B-AB2B-81A8F2E82A48}
		{8E83146E-596A-4E9E-8D77-B48C72F7AA32} = {2A4336AA-6F7D-414B-AB2B-81A8F2E82A48}
	EndGlobalSection
	GlobalSection(ExtensibilityGlobals) = postSolution
		SolutionGuid = {6877C4A7-1367-4641-A455-93C8FF653AB5}
	EndGlobalSection
EndGlobal
